// !$*UTF8*$!
{
	archiveVersion = 1;
	classes = {
	};
	objectVersion = 46;
	objects = {

/* Begin PBXBuildFile section */
		318F2B2D197FA09C0004E6F2 /* Foundation.framework in Frameworks */ = {isa = PBXBuildFile; fileRef = 318F2B2C197FA09C0004E6F2 /* Foundation.framework */; };
		318F2B2F197FA09C0004E6F2 /* CoreGraphics.framework in Frameworks */ = {isa = PBXBuildFile; fileRef = 318F2B2E197FA09C0004E6F2 /* CoreGraphics.framework */; };
		318F2B31197FA09C0004E6F2 /* UIKit.framework in Frameworks */ = {isa = PBXBuildFile; fileRef = 318F2B30197FA09C0004E6F2 /* UIKit.framework */; };
		318F2B37197FA09C0004E6F2 /* InfoPlist.strings in Resources */ = {isa = PBXBuildFile; fileRef = 318F2B35197FA09C0004E6F2 /* InfoPlist.strings */; };
		318F2B39197FA09C0004E6F2 /* main.m in Sources */ = {isa = PBXBuildFile; fileRef = 318F2B38197FA09C0004E6F2 /* main.m */; };
		318F2B3D197FA09C0004E6F2 /* AppDelegate.m in Sources */ = {isa = PBXBuildFile; fileRef = 318F2B3C197FA09C0004E6F2 /* AppDelegate.m */; };
		318F2B3F197FA09C0004E6F2 /* Images.xcassets in Resources */ = {isa = PBXBuildFile; fileRef = 318F2B3E197FA09C0004E6F2 /* Images.xcassets */; };
		318F2B46197FA09C0004E6F2 /* XCTest.framework in Frameworks */ = {isa = PBXBuildFile; fileRef = 318F2B45197FA09C0004E6F2 /* XCTest.framework */; };
		318F2B47197FA09C0004E6F2 /* Foundation.framework in Frameworks */ = {isa = PBXBuildFile; fileRef = 318F2B2C197FA09C0004E6F2 /* Foundation.framework */; };
		318F2B48197FA09C0004E6F2 /* UIKit.framework in Frameworks */ = {isa = PBXBuildFile; fileRef = 318F2B30197FA09C0004E6F2 /* UIKit.framework */; };
		318F2B50197FA09C0004E6F2 /* InfoPlist.strings in Resources */ = {isa = PBXBuildFile; fileRef = 318F2B4E197FA09C0004E6F2 /* InfoPlist.strings */; };
		318F2B52197FA09C0004E6F2 /* XLShowHidePwdTests.m in Sources */ = {isa = PBXBuildFile; fileRef = 318F2B51197FA09C0004E6F2 /* XLShowHidePwdTests.m */; };
		318F2B65197FA0D20004E6F2 /* MainVC.m in Sources */ = {isa = PBXBuildFile; fileRef = 318F2B5C197FA0D20004E6F2 /* MainVC.m */; };
		318F2B66197FA0D20004E6F2 /* MainVC.xib in Resources */ = {isa = PBXBuildFile; fileRef = 318F2B5D197FA0D20004E6F2 /* MainVC.xib */; };
		318F2B67197FA0D20004E6F2 /* pwd_close.png in Resources */ = {isa = PBXBuildFile; fileRef = 318F2B5F197FA0D20004E6F2 /* pwd_close.png */; };
		318F2B68197FA0D20004E6F2 /* pwd_close@2x.png in Resources */ = {isa = PBXBuildFile; fileRef = 318F2B60197FA0D20004E6F2 /* pwd_close@2x.png */; };
		318F2B69197FA0D20004E6F2 /* pwd_open.png in Resources */ = {isa = PBXBuildFile; fileRef = 318F2B61197FA0D20004E6F2 /* pwd_open.png */; };
		318F2B6A197FA0D20004E6F2 /* pwd_open@2x.png in Resources */ = {isa = PBXBuildFile; fileRef = 318F2B62197FA0D20004E6F2 /* pwd_open@2x.png */; };
		318F2B6B197FA0D20004E6F2 /* XLShowHidePwd.m in Sources */ = {isa = PBXBuildFile; fileRef = 318F2B64197FA0D20004E6F2 /* XLShowHidePwd.m */; };
/* End PBXBuildFile section */

/* Begin PBXContainerItemProxy section */
		318F2B49197FA09C0004E6F2 /* PBXContainerItemProxy */ = {
			isa = PBXContainerItemProxy;
			containerPortal = 318F2B21197FA09C0004E6F2 /* Project object */;
			proxyType = 1;
			remoteGlobalIDString = 318F2B28197FA09C0004E6F2;
			remoteInfo = XLShowHidePwd;
		};
/* End PBXContainerItemProxy section */

/* Begin PBXFileReference section */
		318F2B29197FA09C0004E6F2 /* XLShowHidePwd.app */ = {isa = PBXFileReference; explicitFileType = wrapper.application; includeInIndex = 0; path = XLShowHidePwd.app; sourceTree = BUILT_PRODUCTS_DIR; };
		318F2B2C197FA09C0004E6F2 /* Foundation.framework */ = {isa = PBXFileReference; lastKnownFileType = wrapper.framework; name = Foundation.framework; path = System/Library/Frameworks/Foundation.framework; sourceTree = SDKROOT; };
		318F2B2E197FA09C0004E6F2 /* CoreGraphics.framework */ = {isa = PBXFileReference; lastKnownFileType = wrapper.framework; name = CoreGraphics.framework; path = System/Library/Frameworks/CoreGraphics.framework; sourceTree = SDKROOT; };
		318F2B30197FA09C0004E6F2 /* UIKit.framework */ = {isa = PBXFileReference; lastKnownFileType = wrapper.framework; name = UIKit.framework; path = System/Library/Frameworks/UIKit.framework; sourceTree = SDKROOT; };
		318F2B34197FA09C0004E6F2 /* XLShowHidePwd-Info.plist */ = {isa = PBXFileReference; lastKnownFileType = text.plist.xml; path = "XLShowHidePwd-Info.plist"; sourceTree = "<group>"; };
		318F2B36197FA09C0004E6F2 /* en */ = {isa = PBXFileReference; lastKnownFileType = text.plist.strings; name = en; path = en.lproj/InfoPlist.strings; sourceTree = "<group>"; };
		318F2B38197FA09C0004E6F2 /* main.m */ = {isa = PBXFileReference; lastKnownFileType = sourcecode.c.objc; path = main.m; sourceTree = "<group>"; };
		318F2B3A197FA09C0004E6F2 /* XLShowHidePwd-Prefix.pch */ = {isa = PBXFileReference; lastKnownFileType = sourcecode.c.h; path = "XLShowHidePwd-Prefix.pch"; sourceTree = "<group>"; };
		318F2B3B197FA09C0004E6F2 /* AppDelegate.h */ = {isa = PBXFileReference; lastKnownFileType = sourcecode.c.h; path = AppDelegate.h; sourceTree = "<group>"; };
		318F2B3C197FA09C0004E6F2 /* AppDelegate.m */ = {isa = PBXFileReference; lastKnownFileType = sourcecode.c.objc; path = AppDelegate.m; sourceTree = "<group>"; };
		318F2B3E197FA09C0004E6F2 /* Images.xcassets */ = {isa = PBXFileReference; lastKnownFileType = folder.assetcatalog; path = Images.xcassets; sourceTree = "<group>"; };
		318F2B44197FA09C0004E6F2 /* XLShowHidePwdTests.xctest */ = {isa = PBXFileReference; explicitFileType = wrapper.cfbundle; includeInIndex = 0; path = XLShowHidePwdTests.xctest; sourceTree = BUILT_PRODUCTS_DIR; };
		318F2B45197FA09C0004E6F2 /* XCTest.framework */ = {isa = PBXFileReference; lastKnownFileType = wrapper.framework; name = XCTest.framework; path = Library/Frameworks/XCTest.framework; sourceTree = DEVELOPER_DIR; };
		318F2B4D197FA09C0004E6F2 /* XLShowHidePwdTests-Info.plist */ = {isa = PBXFileReference; lastKnownFileType = text.plist.xml; path = "XLShowHidePwdTests-Info.plist"; sourceTree = "<group>"; };
		318F2B4F197FA09C0004E6F2 /* en */ = {isa = PBXFileReference; lastKnownFileType = text.plist.strings; name = en; path = en.lproj/InfoPlist.strings; sourceTree = "<group>"; };
		318F2B51197FA09C0004E6F2 /* XLShowHidePwdTests.m */ = {isa = PBXFileReference; lastKnownFileType = sourcecode.c.objc; path = XLShowHidePwdTests.m; sourceTree = "<group>"; };
		318F2B5B197FA0D20004E6F2 /* MainVC.h */ = {isa = PBXFileReference; fileEncoding = 4; lastKnownFileType = sourcecode.c.h; path = MainVC.h; sourceTree = "<group>"; };
		318F2B5C197FA0D20004E6F2 /* MainVC.m */ = {isa = PBXFileReference; fileEncoding = 4; lastKnownFileType = sourcecode.c.objc; path = MainVC.m; sourceTree = "<group>"; };
		318F2B5D197FA0D20004E6F2 /* MainVC.xib */ = {isa = PBXFileReference; fileEncoding = 4; lastKnownFileType = file.xib; path = MainVC.xib; sourceTree = "<group>"; };
		318F2B5F197FA0D20004E6F2 /* pwd_close.png */ = {isa = PBXFileReference; lastKnownFileType = image.png; path = pwd_close.png; sourceTree = "<group>"; };
		318F2B60197FA0D20004E6F2 /* pwd_close@2x.png */ = {isa = PBXFileReference; lastKnownFileType = image.png; path = "pwd_close@2x.png"; sourceTree = "<group>"; };
		318F2B61197FA0D20004E6F2 /* pwd_open.png */ = {isa = PBXFileReference; lastKnownFileType = image.png; path = pwd_open.png; sourceTree = "<group>"; };
		318F2B62197FA0D20004E6F2 /* pwd_open@2x.png */ = {isa = PBXFileReference; lastKnownFileType = image.png; path = "pwd_open@2x.png"; sourceTree = "<group>"; };
		318F2B63197FA0D20004E6F2 /* XLShowHidePwd.h */ = {isa = PBXFileReference; fileEncoding = 4; lastKnownFileType = sourcecode.c.h; path = XLShowHidePwd.h; sourceTree = "<group>"; };
		318F2B64197FA0D20004E6F2 /* XLShowHidePwd.m */ = {isa = PBXFileReference; fileEncoding = 4; lastKnownFileType = sourcecode.c.objc; path = XLShowHidePwd.m; sourceTree = "<group>"; };
/* End PBXFileReference section */

/* Begin PBXFrameworksBuildPhase section */
		318F2B26197FA09C0004E6F2 /* Frameworks */ = {
			isa = PBXFrameworksBuildPhase;
			buildActionMask = 2147483647;
			files = (
				318F2B2F197FA09C0004E6F2 /* CoreGraphics.framework in Frameworks */,
				318F2B31197FA09C0004E6F2 /* UIKit.framework in Frameworks */,
				318F2B2D197FA09C0004E6F2 /* Foundation.framework in Frameworks */,
			);
			runOnlyForDeploymentPostprocessing = 0;
		};
		318F2B41197FA09C0004E6F2 /* Frameworks */ = {
			isa = PBXFrameworksBuildPhase;
			buildActionMask = 2147483647;
			files = (
				318F2B46197FA09C0004E6F2 /* XCTest.framework in Frameworks */,
				318F2B48197FA09C0004E6F2 /* UIKit.framework in Frameworks */,
				318F2B47197FA09C0004E6F2 /* Foundation.framework in Frameworks */,
			);
			runOnlyForDeploymentPostprocessing = 0;
		};
/* End PBXFrameworksBuildPhase section */

/* Begin PBXGroup section */
		318F2B20197FA09C0004E6F2 = {
			isa = PBXGroup;
			children = (
				318F2B32197FA09C0004E6F2 /* XLShowHidePwd */,
				318F2B4B197FA09C0004E6F2 /* XLShowHidePwdTests */,
				318F2B2B197FA09C0004E6F2 /* Frameworks */,
				318F2B2A197FA09C0004E6F2 /* Products */,
			);
			sourceTree = "<group>";
		};
		318F2B2A197FA09C0004E6F2 /* Products */ = {
			isa = PBXGroup;
			children = (
				318F2B29197FA09C0004E6F2 /* XLShowHidePwd.app */,
				318F2B44197FA09C0004E6F2 /* XLShowHidePwdTests.xctest */,
			);
			name = Products;
			sourceTree = "<group>";
		};
		318F2B2B197FA09C0004E6F2 /* Frameworks */ = {
			isa = PBXGroup;
			children = (
				318F2B2C197FA09C0004E6F2 /* Foundation.framework */,
				318F2B2E197FA09C0004E6F2 /* CoreGraphics.framework */,
				318F2B30197FA09C0004E6F2 /* UIKit.framework */,
				318F2B45197FA09C0004E6F2 /* XCTest.framework */,
			);
			name = Frameworks;
			sourceTree = "<group>";
		};
		318F2B32197FA09C0004E6F2 /* XLShowHidePwd */ = {
			isa = PBXGroup;
			children = (
				318F2B3B197FA09C0004E6F2 /* AppDelegate.h */,
				318F2B3C197FA09C0004E6F2 /* AppDelegate.m */,
				318F2B5B197FA0D20004E6F2 /* MainVC.h */,
				318F2B5C197FA0D20004E6F2 /* MainVC.m */,
				318F2B5D197FA0D20004E6F2 /* MainVC.xib */,
				318F2B5E197FA0D20004E6F2 /* XLShowHidePwdView */,
				318F2B3E197FA09C0004E6F2 /* Images.xcassets */,
				318F2B33197FA09C0004E6F2 /* Supporting Files */,
			);
			path = XLShowHidePwd;
			sourceTree = "<group>";
		};
		318F2B33197FA09C0004E6F2 /* Supporting Files */ = {
			isa = PBXGroup;
			children = (
				318F2B34197FA09C0004E6F2 /* XLShowHidePwd-Info.plist */,
				318F2B35197FA09C0004E6F2 /* InfoPlist.strings */,
				318F2B38197FA09C0004E6F2 /* main.m */,
				318F2B3A197FA09C0004E6F2 /* XLShowHidePwd-Prefix.pch */,
			);
			name = "Supporting Files";
			sourceTree = "<group>";
		};
		318F2B4B197FA09C0004E6F2 /* XLShowHidePwdTests */ = {
			isa = PBXGroup;
			children = (
				318F2B51197FA09C0004E6F2 /* XLShowHidePwdTests.m */,
				318F2B4C197FA09C0004E6F2 /* Supporting Files */,
			);
			path = XLShowHidePwdTests;
			sourceTree = "<group>";
		};
		318F2B4C197FA09C0004E6F2 /* Supporting Files */ = {
			isa = PBXGroup;
			children = (
				318F2B4D197FA09C0004E6F2 /* XLShowHidePwdTests-Info.plist */,
				318F2B4E197FA09C0004E6F2 /* InfoPlist.strings */,
			);
			name = "Supporting Files";
			sourceTree = "<group>";
		};
		318F2B5E197FA0D20004E6F2 /* XLShowHidePwdView */ = {
			isa = PBXGroup;
			children = (
				318F2B5F197FA0D20004E6F2 /* pwd_close.png */,
				318F2B60197FA0D20004E6F2 /* pwd_close@2x.png */,
				318F2B61197FA0D20004E6F2 /* pwd_open.png */,
				318F2B62197FA0D20004E6F2 /* pwd_open@2x.png */,
				318F2B63197FA0D20004E6F2 /* XLShowHidePwd.h */,
				318F2B64197FA0D20004E6F2 /* XLShowHidePwd.m */,
			);
			path = XLShowHidePwdView;
			sourceTree = "<group>";
		};
/* End PBXGroup section */

/* Begin PBXNativeTarget section */
		318F2B28197FA09C0004E6F2 /* XLShowHidePwd */ = {
			isa = PBXNativeTarget;
			buildConfigurationList = 318F2B55197FA09C0004E6F2 /* Build configuration list for PBXNativeTarget "XLShowHidePwd" */;
			buildPhases = (
				318F2B25197FA09C0004E6F2 /* Sources */,
				318F2B26197FA09C0004E6F2 /* Frameworks */,
				318F2B27197FA09C0004E6F2 /* Resources */,
			);
			buildRules = (
			);
			dependencies = (
			);
			name = XLShowHidePwd;
			productName = XLShowHidePwd;
			productReference = 318F2B29197FA09C0004E6F2 /* XLShowHidePwd.app */;
			productType = "com.apple.product-type.application";
		};
		318F2B43197FA09C0004E6F2 /* XLShowHidePwdTests */ = {
			isa = PBXNativeTarget;
			buildConfigurationList = 318F2B58197FA09C0004E6F2 /* Build configuration list for PBXNativeTarget "XLShowHidePwdTests" */;
			buildPhases = (
				318F2B40197FA09C0004E6F2 /* Sources */,
				318F2B41197FA09C0004E6F2 /* Frameworks */,
				318F2B42197FA09C0004E6F2 /* Resources */,
			);
			buildRules = (
			);
			dependencies = (
				318F2B4A197FA09C0004E6F2 /* PBXTargetDependency */,
			);
			name = XLShowHidePwdTests;
			productName = XLShowHidePwdTests;
			productReference = 318F2B44197FA09C0004E6F2 /* XLShowHidePwdTests.xctest */;
			productType = "com.apple.product-type.bundle.unit-test";
		};
/* End PBXNativeTarget section */

/* Begin PBXProject section */
		318F2B21197FA09C0004E6F2 /* Project object */ = {
			isa = PBXProject;
			attributes = {
				LastUpgradeCheck = 0510;
				ORGANIZATIONNAME = renhe;
				TargetAttributes = {
					318F2B43197FA09C0004E6F2 = {
						TestTargetID = 318F2B28197FA09C0004E6F2;
					};
				};
			};
			buildConfigurationList = 318F2B24197FA09C0004E6F2 /* Build configuration list for PBXProject "XLShowHidePwd" */;
			compatibilityVersion = "Xcode 3.2";
			developmentRegion = English;
			hasScannedForEncodings = 0;
			knownRegions = (
				en,
			);
			mainGroup = 318F2B20197FA09C0004E6F2;
			productRefGroup = 318F2B2A197FA09C0004E6F2 /* Products */;
			projectDirPath = "";
			projectRoot = "";
			targets = (
				318F2B28197FA09C0004E6F2 /* XLShowHidePwd */,
				318F2B43197FA09C0004E6F2 /* XLShowHidePwdTests */,
			);
		};
/* End PBXProject section */

/* Begin PBXResourcesBuildPhase section */
		318F2B27197FA09C0004E6F2 /* Resources */ = {
			isa = PBXResourcesBuildPhase;
			buildActionMask = 2147483647;
			files = (
				318F2B67197FA0D20004E6F2 /* pwd_close.png in Resources */,
				318F2B69197FA0D20004E6F2 /* pwd_open.png in Resources */,
				318F2B66197FA0D20004E6F2 /* MainVC.xib in Resources */,
				318F2B37197FA09C0004E6F2 /* InfoPlist.strings in Resources */,
				318F2B68197FA0D20004E6F2 /* pwd_close@2x.png in Resources */,
				318F2B6A197FA0D20004E6F2 /* pwd_open@2x.png in Resources */,
				318F2B3F197FA09C0004E6F2 /* Images.xcassets in Resources */,
			);
			runOnlyForDeploymentPostprocessing = 0;
		};
		318F2B42197FA09C0004E6F2 /* Resources */ = {
			isa = PBXResourcesBuildPhase;
			buildActionMask = 2147483647;
			files = (
				318F2B50197FA09C0004E6F2 /* InfoPlist.strings in Resources */,
			);
			runOnlyForDeploymentPostprocessing = 0;
		};
/* End PBXResourcesBuildPhase section */

/* Begin PBXSourcesBuildPhase section */
		318F2B25197FA09C0004E6F2 /* Sources */ = {
			isa = PBXSourcesBuildPhase;
			buildActionMask = 2147483647;
			files = (
				318F2B6B197FA0D20004E6F2 /* XLShowHidePwd.m in Sources */,
				318F2B65197FA0D20004E6F2 /* MainVC.m in Sources */,
				318F2B3D197FA09C0004E6F2 /* AppDelegate.m in Sources */,
				318F2B39197FA09C0004E6F2 /* main.m in Sources */,
			);
			runOnlyForDeploymentPostprocessing = 0;
		};
		318F2B40197FA09C0004E6F2 /* Sources */ = {
			isa = PBXSourcesBuildPhase;
			buildActionMask = 2147483647;
			files = (
				318F2B52197FA09C0004E6F2 /* XLShowHidePwdTests.m in Sources */,
			);
			runOnlyForDeploymentPostprocessing = 0;
		};
/* End PBXSourcesBuildPhase section */

/* Begin PBXTargetDependency section */
		318F2B4A197FA09C0004E6F2 /* PBXTargetDependency */ = {
			isa = PBXTargetDependency;
			target = 318F2B28197FA09C0004E6F2 /* XLShowHidePwd */;
			targetProxy = 318F2B49197FA09C0004E6F2 /* PBXContainerItemProxy */;
		};
/* End PBXTargetDependency section */

/* Begin PBXVariantGroup section */
		318F2B35197FA09C0004E6F2 /* InfoPlist.strings */ = {
			isa = PBXVariantGroup;
			children = (
				318F2B36197FA09C0004E6F2 /* en */,
			);
			name = InfoPlist.strings;
			sourceTree = "<group>";
		};
		318F2B4E197FA09C0004E6F2 /* InfoPlist.strings */ = {
			isa = PBXVariantGroup;
			children = (
				318F2B4F197FA09C0004E6F2 /* en */,
			);
			name = InfoPlist.strings;
			sourceTree = "<group>";
		};
/* End PBXVariantGroup section */

/* Begin XCBuildConfiguration section */
		318F2B53197FA09C0004E6F2 /* Debug */ = {
			isa = XCBuildConfiguration;
			buildSettings = {
				ALWAYS_SEARCH_USER_PATHS = NO;
				CLANG_CXX_LANGUAGE_STANDARD = "gnu++0x";
				CLANG_CXX_LIBRARY = "libc++";
				CLANG_ENABLE_MODULES = YES;
				CLANG_ENABLE_OBJC_ARC = YES;
				CLANG_WARN_BOOL_CONVERSION = YES;
				CLANG_WARN_CONSTANT_CONVERSION = YES;
				CLANG_WARN_DIRECT_OBJC_ISA_USAGE = YES_ERROR;
				CLANG_WARN_EMPTY_BODY = YES;
				CLANG_WARN_ENUM_CONVERSION = YES;
				CLANG_WARN_INT_CONVERSION = YES;
				CLANG_WARN_OBJC_ROOT_CLASS = YES_ERROR;
				CLANG_WARN__DUPLICATE_METHOD_MATCH = YES;
				"CODE_SIGN_IDENTITY[sdk=iphoneos*]" = "iPhone Developer";
				COPY_PHASE_STRIP = NO;
				GCC_C_LANGUAGE_STANDARD = gnu99;
				GCC_DYNAMIC_NO_PIC = NO;
				GCC_OPTIMIZATION_LEVEL = 0;
				GCC_PREPROCESSOR_DEFINITIONS = (
					"DEBUG=1",
					"$(inherited)",
				);
				GCC_SYMBOLS_PRIVATE_EXTERN = NO;
				GCC_WARN_64_TO_32_BIT_CONVERSION = YES;
				GCC_WARN_ABOUT_RETURN_TYPE = YES_ERROR;
				GCC_WARN_UNDECLARED_SELECTOR = YES;
				GCC_WARN_UNINITIALIZED_AUTOS = YES_AGGRESSIVE;
				GCC_WARN_UNUSED_FUNCTION = YES;
				GCC_WARN_UNUSED_VARIABLE = YES;
				IPHONEOS_DEPLOYMENT_TARGET = 7.1;
				ONLY_ACTIVE_ARCH = YES;
				SDKROOT = iphoneos;
			};
			name = Debug;
		};
		318F2B54197FA09C0004E6F2 /* Release */ = {
			isa = XCBuildConfiguration;
			buildSettings = {
				ALWAYS_SEARCH_USER_PATHS = NO;
				CLANG_CXX_LANGUAGE_STANDARD = "gnu++0x";
				CLANG_CXX_LIBRARY = "libc++";
				CLANG_ENABLE_MODULES = YES;
				CLANG_ENABLE_OBJC_ARC = YES;
				CLANG_WARN_BOOL_CONVERSION = YES;
				CLANG_WARN_CONSTANT_CONVERSION = YES;
				CLANG_WARN_DIRECT_OBJC_ISA_USAGE = YES_ERROR;
				CLANG_WARN_EMPTY_BODY = YES;
				CLANG_WARN_ENUM_CONVERSION = YES;
				CLANG_WARN_INT_CONVERSION = YES;
				CLANG_WARN_OBJC_ROOT_CLASS = YES_ERROR;
				CLANG_WARN__DUPLICATE_METHOD_MATCH = YES;
				"CODE_SIGN_IDENTITY[sdk=iphoneos*]" = "iPhone Developer";
				COPY_PHASE_STRIP = YES;
				ENABLE_NS_ASSERTIONS = NO;
				GCC_C_LANGUAGE_STANDARD = gnu99;
				GCC_WARN_64_TO_32_BIT_CONVERSION = YES;
				GCC_WARN_ABOUT_RETURN_TYPE = YES_ERROR;
				GCC_WARN_UNDECLARED_SELECTOR = YES;
				GCC_WARN_UNINITIALIZED_AUTOS = YES_AGGRESSIVE;
				GCC_WARN_UNUSED_FUNCTION = YES;
				GCC_WARN_UNUSED_VARIABLE = YES;
				IPHONEOS_DEPLOYMENT_TARGET = 7.1;
				SDKROOT = iphoneos;
				VALIDATE_PRODUCT = YES;
			};
			name = Release;
		};
		318F2B56197FA09C0004E6F2 /* Debug */ = {
			isa = XCBuildConfiguration;
			buildSettings = {
				ASSETCATALOG_COMPILER_APPICON_NAME = AppIcon;
				ASSETCATALOG_COMPILER_LAUNCHIMAGE_NAME = LaunchImage;
				GCC_PRECOMPILE_PREFIX_HEADER = YES;
				GCC_PREFIX_HEADER = "XLShowHidePwd/XLShowHidePwd-Prefix.pch";
				INFOPLIST_FILE = "XLShowHidePwd/XLShowHidePwd-Info.plist";
				PRODUCT_NAME = "$(TARGET_NAME)";
				WRAPPER_EXTENSION = app;
			};
			name = Debug;
		};
		318F2B57197FA09C0004E6F2 /* Release */ = {
			isa = XCBuildConfiguration;
			buildSettings = {
				ASSETCATALOG_COMPILER_APPICON_NAME = AppIcon;
				ASSETCATALOG_COMPILER_LAUNCHIMAGE_NAME = LaunchImage;
				GCC_PRECOMPILE_PREFIX_HEADER = YES;
				GCC_PREFIX_HEADER = "XLShowHidePwd/XLShowHidePwd-Prefix.pch";
				INFOPLIST_FILE = "XLShowHidePwd/XLShowHidePwd-Info.plist";
				PRODUCT_NAME = "$(TARGET_NAME)";
				WRAPPER_EXTENSION = app;
			};
			name = Release;
		};
		318F2B59197FA09C0004E6F2 /* Debug */ = {
			isa = XCBuildConfiguration;
			buildSettings = {
				BUNDLE_LOADER = "$(BUILT_PRODUCTS_DIR)/XLShowHidePwd.app/XLShowHidePwd";
				FRAMEWORK_SEARCH_PATHS = (
					"$(SDKROOT)/Developer/Library/Frameworks",
					"$(inherited)",
					"$(DEVELOPER_FRAMEWORKS_DIR)",
				);
				GCC_PRECOMPILE_PREFIX_HEADER = YES;
				GCC_PREFIX_HEADER = "XLShowHidePwd/XLShowHidePwd-Prefix.pch";
				GCC_PREPROCESSOR_DEFINITIONS = (
					"DEBUG=1",
					"$(inherited)",
				);
				INFOPLIST_FILE = "XLShowHidePwdTests/XLShowHidePwdTests-Info.plist";
				PRODUCT_NAME = "$(TARGET_NAME)";
				TEST_HOST = "$(BUNDLE_LOADER)";
				WRAPPER_EXTENSION = xctest;
			};
			name = Debug;
		};
		318F2B5A197FA09C0004E6F2 /* Release */ = {
			isa = XCBuildConfiguration;
			buildSettings = {
				BUNDLE_LOADER = "$(BUILT_PRODUCTS_DIR)/XLShowHidePwd.app/XLShowHidePwd";
				FRAMEWORK_SEARCH_PATHS = (
					"$(SDKROOT)/Developer/Library/Frameworks",
					"$(inherited)",
					"$(DEVELOPER_FRAMEWORKS_DIR)",
				);
				GCC_PRECOMPILE_PREFIX_HEADER = YES;
				GCC_PREFIX_HEADER = "XLShowHidePwd/XLShowHidePwd-Prefix.pch";
				INFOPLIST_FILE = "XLShowHidePwdTests/XLShowHidePwdTests-Info.plist";
				PRODUCT_NAME = "$(TARGET_NAME)";
				TEST_HOST = "$(BUNDLE_LOADER)";
				WRAPPER_EXTENSION = xctest;
			};
			name = Release;
		};
/* End XCBuildConfiguration section */

/* Begin XCConfigurationList section */
		318F2B24197FA09C0004E6F2 /* Build configuration list for PBXProject "XLShowHidePwd" */ = {
			isa = XCConfigurationList;
			buildConfigurations = (
				318F2B53197FA09C0004E6F2 /* Debug */,
				318F2B54197FA09C0004E6F2 /* Release */,
			);
			defaultConfigurationIsVisible = 0;
			defaultConfigurationName = Release;
		};
		318F2B55197FA09C0004E6F2 /* Build configuration list for PBXNativeTarget "XLShowHidePwd" */ = {
			isa = XCConfigurationList;
			buildConfigurations = (
				318F2B56197FA09C0004E6F2 /* Debug */,
				318F2B57197FA09C0004E6F2 /* Release */,
			);
			defaultConfigurationIsVisible = 0;
		};
		318F2B58197FA09C0004E6F2 /* Build configuration list for PBXNativeTarget "XLShowHidePwdTests" */ = {
			isa = XCConfigurationList;
			buildConfigurations = (
				318F2B59197FA09C0004E6F2 /* Debug */,
				318F2B5A197FA09C0004E6F2 /* Release */,
			);
			defaultConfigurationIsVisible = 0;
		};
/* End XCConfigurationList section */
	};
	rootObject = 318F2B21197FA09C0004E6F2 /* Project object */;
}
